
Microsoft Visual Studio Solution File, Format Version 12.00
# Visual Studio Version 17
VisualStudioVersion = 17.5.002.0
MinimumVisualStudioVersion = 10.0.40219.1
Project("{9A19103F-16F7-4668-BE54-9A1E7A4F7556}") = "Minimal-API", "Minimal-API.csproj", "{66CFDDE9-BF74-41B6-9DB4-1920F0A6ADEA}"
EndProject
Global
	GlobalSection(SolutionConfigurationPlatforms) = preSolution
		Debug|Any CPU = Debug|Any CPU
		Release|Any CPU = Release|Any CPU
	EndGlobalSection
	GlobalSection(ProjectConfigurationPlatforms) = postSolution
		{66CFDDE9-BF74-41B6-9DB4-1920F0A6ADEA}.Debug|Any CPU.ActiveCfg = Debug|Any CPU
		{66CFDDE9-BF74-41B6-9DB4-1920F0A6ADEA}.Debug|Any CPU.Build.0 = Debug|Any CPU
		{66CFDDE9-BF74-41B6-9DB4-1920F0A6ADEA}.Release|Any CPU.ActiveCfg = Release|Any CPU
		{66CFDDE9-BF74-41B6-9DB4-1920F0A6ADEA}.Release|Any CPU.Build.0 = Release|Any CPU
	EndGlobalSection
	GlobalSection(SolutionProperties) = preSolution
		HideSolutionNode = FALSE
	EndGlobalSection
	GlobalSection(ExtensibilityGlobals) = postSolution
		SolutionGuid = {FFF76777-C5BE-4B59-80E4-15F7F8F8B0BE}
	EndGlobalSection
EndGlobal
